<?xml version="1.0" encoding="utf-8"?>
<Project ToolsVersion="4.0" xmlns="http://schemas.microsoft.com/developer/msbuild/2003">
  <ItemGroup>
    <Filter Include="Source Files">
      <UniqueIdentifier>{4FC737F1-C7A5-4376-A066-2A32D752A2FF}</UniqueIdentifier>
      <Extensions>cpp;c;cc;cxx;def;odl;idl;hpj;bat;asm;asmx</Extensions>
    </Filter>
    <Filter Include="Header Files">
      <UniqueIdentifier>{93995380-89BD-4b04-88EB-625FBE52EBFB}</UniqueIdentifier>
      <Extensions>h;hh;hpp;hxx;hm;inl;inc;xsd</Extensions>
    </Filter>
    <Filter Include="Resource Files">
      <UniqueIdentifier>{67DA6AB6-F800-4c08-8B7A-83BB121AAD01}</UniqueIdentifier>
      <Extensions>rc;ico;cur;bmp;dlg;rc2;rct;bin;rgs;gif;jpg;jpeg;jpe;resx;tiff;tif;png;wav;mfcribbon-ms</Extensions>
    </Filter>
    <Filter Include="Header Files\PhysicEngine">
      <UniqueIdentifier>{4aef6c2b-f2ce-423a-9f97-f11b5bffe7ee}</UniqueIdentifier>
    </Filter>
    <Filter Include="Header Files\Utils">
      <UniqueIdentifier>{613af5c6-faaf-4914-9700-f039e4bdff4f}</UniqueIdentifier>
    </Filter>
    <Filter Include="Source Files\PhysicEngine">
      <UniqueIdentifier>{c2fcbb8f-08c1-4a0a-80d1-28f5989b38a1}</UniqueIdentifier>
    </Filter>
    <Filter Include="Source Files\Utils">
      <UniqueIdentifier>{6d15c828-7900-42e0-9484-468793f14403}</UniqueIdentifier>
    </Filter>
    <Filter Include="Header Files\PhysicEngine\Colliders">
      <UniqueIdentifier>{59719a23-0d88-4c09-9bd7-05b7bf44e1e9}</UniqueIdentifier>
    </Filter>
    <Filter Include="Source Files\PhysicEngine\Colliders">
      <UniqueIdentifier>{130c47ab-f9bb-42df-8f5f-207662370429}</UniqueIdentifier>
    </Filter>
    <Filter Include="Header Files\PhysicEngine\Colliders\IntersectOperations">
      <UniqueIdentifier>{a7553cfd-4a84-47b9-aaab-b7091ae33a4f}</UniqueIdentifier>
    </Filter>
  </ItemGroup>
  <ItemGroup>
    <ClInclude Include="World.h">
      <Filter>Header Files\PhysicEngine</Filter>
    </ClInclude>
    <ClInclude Include="PhyisicMaterial.h">
      <Filter>Header Files\PhysicEngine</Filter>
    </ClInclude>
    <ClInclude Include="RigidBody.h">
      <Filter>Header Files\PhysicEngine</Filter>
    </ClInclude>
    <ClInclude Include="BoxCollider.h">
      <Filter>Header Files\PhysicEngine\Colliders</Filter>
    </ClInclude>
    <ClInclude Include="Collider.h">
      <Filter>Header Files\PhysicEngine\Colliders</Filter>
    </ClInclude>
    <ClInclude Include="SphereCollider.h">
      <Filter>Header Files\PhysicEngine\Colliders</Filter>
    </ClInclude>
    <ClInclude Include="Collision.h">
      <Filter>Header Files\PhysicEngine\Colliders</Filter>
    </ClInclude>
    <ClInclude Include="Transform.h">
      <Filter>Header Files\PhysicEngine</Filter>
    </ClInclude>
    <ClInclude Include="Vector3.h">
      <Filter>Header Files\Utils</Filter>
    </ClInclude>
    <ClInclude Include="Matrix.h">
      <Filter>Header Files\Utils</Filter>
    </ClInclude>
    <ClInclude Include="Quaternion.h">
      <Filter>Header Files\Utils</Filter>
    </ClInclude>
    <ClInclude Include="PlaneCollider.h">
      <Filter>Header Files\PhysicEngine\Colliders</Filter>
    </ClInclude>
    <ClInclude Include="IntersectOperations.h">
      <Filter>Header Files\PhysicEngine\Colliders\IntersectOperations</Filter>
    </ClInclude>
  </ItemGroup>
  <ItemGroup>
    <ClCompile Include="main.cpp">
      <Filter>Source Files</Filter>
    </ClCompile>
    <ClCompile Include="World.cpp">
      <Filter>Source Files\PhysicEngine</Filter>
    </ClCompile>
    <ClCompile Include="Vector3.cpp">
      <Filter>Source Files\Utils</Filter>
    </ClCompile>
    <ClCompile Include="BoxCollider.cpp">
      <Filter>Source Files\PhysicEngine\Colliders</Filter>
    </ClCompile>
    <ClCompile Include="SphereCollider.cpp">
      <Filter>Source Files\PhysicEngine\Colliders</Filter>
    </ClCompile>
    <ClCompile Include="Collider.cpp">
      <Filter>Source Files\PhysicEngine\Colliders</Filter>
    </ClCompile>
    <ClCompile Include="RigidBody.cpp">
      <Filter>Source Files\PhysicEngine</Filter>
    </ClCompile>
    <ClCompile Include="Matrix.cpp">
      <Filter>Source Files\Utils</Filter>
    </ClCompile>
    <ClCompile Include="Quaternion.cpp">
      <Filter>Source Files\Utils</Filter>
    </ClCompile>
    <ClCompile Include="PlaneCollider.cpp">
      <Filter>Source Files\PhysicEngine\Colliders</Filter>
    </ClCompile>
  </ItemGroup>
</Project>